
Microsoft Visual Studio Solution File, Format Version 12.00
# Visual Studio 2012
Project("{FAE04EC0-301F-11D3-BF4B-00C04F79EFBC}") = "ConsoleApplication23", "ConsoleApplication23\ConsoleApplication23.csproj", "{84EFD77B-9975-4C45-80FC-A575602F8E2B}"
EndProject
Global
	GlobalSection(SolutionConfigurationPlatforms) = preSolution
		Debug|Any CPU = Debug|Any CPU
		Release|Any CPU = Release|Any CPU
	EndGlobalSection
	GlobalSection(ProjectConfigurationPlatforms) = postSolution
		{84EFD77B-9975-4C45-80FC-A575602F8E2B}.Debug|Any CPU.ActiveCfg = Debug|Any CPU
		{84EFD77B-9975-4C45-80FC-A575602F8E2B}.Debug|Any CPU.Build.0 = Debug|Any CPU
		{84EFD77B-9975-4C45-80FC-A575602F8E2B}.Release|Any CPU.ActiveCfg = Release|Any CPU
		{84EFD77B-9975-4C45-80FC-A575602F8E2B}.Release|Any CPU.Build.0 = Release|Any CPU
	EndGlobalSection
	GlobalSection(SolutionProperties) = preSolution
		HideSolutionNode = FALSE
	EndGlobalSection
EndGlobal
